{
  "nodes": {
    "multica-bin": {
      "flake": false,
      "locked": {
        "lastModified": 1782986324,
        "narHash": "sha256-Mt2UCVktbROA8btmlLfnLB9QtDh7wfGlKiNe2xEDHgc=",
        "type": "tarball",
        "url": "https://github.com/multica-ai/multica/releases/latest/download/multica_linux_amd64.tar.gz"
      },
      "original": {
        "type": "tarball",
        "url": "https://github.com/multica-ai/multica/releases/latest/download/multica_linux_amd64.tar.gz"
      }
    },
    "nixpkgs": {
      "locked": {
        "lastModified": 1782918843,
        "narHash": "sha256-ETYnV9U7Sr+A45dohzZdfCZKOss4qrTkO+wgNZNvEc0=",
        "owner": "NixOS",
        "repo": "nixpkgs",
        "rev": "e8273b29fe1390ec8d4603f2477357555291432e",
        "type": "github"
      },
      "original": {
        "owner": "NixOS",
        "ref": "nixpkgs-unstable",
        "repo": "nixpkgs",
        "type": "github"
      }
    },
    "root": {
      "inputs": {
        "multica-bin": "multica-bin",
        "nixpkgs": "nixpkgs"
      }
    }
  },
  "root": "root",
  "version": 7
}
