{
  "nodes": {
    "multica-bin-amd64": {
      "flake": false,
      "locked": {
        "lastModified": 1784628482,
        "narHash": "sha256-kwg6GAO64J+3x6+RiYBiUGP9cBi0BmYgvnMrCYWVci8=",
        "type": "tarball",
        "url": "https://github.com/multica-ai/multica/releases/download/v0.4.7/multica_linux_amd64.tar.gz"
      },
      "original": {
        "type": "tarball",
        "url": "https://github.com/multica-ai/multica/releases/download/v0.4.7/multica_linux_amd64.tar.gz"
      }
    },
    "multica-bin-arm64": {
      "flake": false,
      "locked": {
        "lastModified": 1784628522,
        "narHash": "sha256-qOKp2Vx61xLgd54T9jL6CsmoIwspyallZiZyhUAdJQQ=",
        "type": "tarball",
        "url": "https://github.com/multica-ai/multica/releases/download/v0.4.7/multica_linux_arm64.tar.gz"
      },
      "original": {
        "type": "tarball",
        "url": "https://github.com/multica-ai/multica/releases/download/v0.4.7/multica_linux_arm64.tar.gz"
      }
    },
    "nixpkgs": {
      "locked": {
        "lastModified": 1782978903,
        "narHash": "sha256-bG1LAS3YehMzp4RSXw99o3yMEO/Ktb0Tx29RCtEU0Tk=",
        "owner": "NixOS",
        "repo": "nixpkgs",
        "rev": "d33369954a67ae3322177dc9a3d564092912120c",
        "type": "github"
      },
      "original": {
        "owner": "NixOS",
        "ref": "nixpkgs-unstable",
        "repo": "nixpkgs",
        "type": "github"
      }
    },
    "root": {
      "inputs": {
        "multica-bin-amd64": "multica-bin-amd64",
        "multica-bin-arm64": "multica-bin-arm64",
        "nixpkgs": "nixpkgs"
      }
    }
  },
  "root": "root",
  "version": 7
}
